lockfileVersion: 5.4

specifiers:
  readline: ^1.3.0
  sha256: ^0.2.0
  zlib: ^1.0.5

dependencies:
  readline: 1.3.0
  sha256: 0.2.0
  zlib: 1.0.5

packages:

  /convert-hex/0.1.0:
    resolution: {integrity: sha512-w20BOb1PiR/sEJdS6wNrUjF5CSfscZFUp7R9NSlXH8h2wynzXVEPFPJECAnkNylZ+cvf3p7TyRUHggDmrwXT9A==}
    dev: false

  /convert-string/0.1.0:
    resolution: {integrity: sha512-1KX9ESmtl8xpT2LN2tFnKSbV4NiarbVi8DVb39ZriijvtTklyrT+4dT1wsGMHKD3CJUjXgvJzstm9qL9ICojGA==}
    dev: false

  /readline/1.3.0:
    resolution: {integrity: sha512-k2d6ACCkiNYz222Fs/iNze30rRJ1iIicW7JuX/7/cozvih6YCkFZH+J6mAFDVgv0dRBaAyr4jDqC95R2y4IADg==}
    dev: false

  /sha256/0.2.0:
    resolution: {integrity: sha512-kTWMJUaez5iiT9CcMv8jSq6kMhw3ST0uRdcIWl3D77s6AsLXNXRp3heeqqfu5+Dyfu4hwpQnMzhqHh8iNQxw0w==}
    dependencies:
      convert-hex: 0.1.0
      convert-string: 0.1.0
    dev: false

  /zlib/1.0.5:
    resolution: {integrity: sha512-40fpE2II+Cd3k8HWTWONfeKE2jL+P42iWJ1zzps5W51qcTsOUKM5Q5m2PFb0CLxlmFAaUuUdJGc3OfZy947v0w==}
    engines: {node: '>=0.2.0'}
    dev: false
